
Microsoft Visual Studio Solution File, Format Version 12.00
# Visual Studio Version 17
VisualStudioVersion = 17.3.32901.215
MinimumVisualStudioVersion = 10.0.40219.1
Project("{FAE04EC0-301F-11D3-BF4B-00C04F79EFBC}") = "RomanNumerals", "RomanNumerals\RomanNumerals.csproj", "{14D4827C-606E-4DA4-970D-C28688E3EB75}"
EndProject
Project("{FAE04EC0-301F-11D3-BF4B-00C04F79EFBC}") = "RomanNumerals.Test", "RomanNumerals.Test\RomanNumerals.Test.csproj", "{B9721F41-0CCD-4ADA-877D-A719989D348B}"
EndProject
Global
	GlobalSection(SolutionConfigurationPlatforms) = preSolution
		Debug|Any CPU = Debug|Any CPU
		Release|Any CPU = Release|Any CPU
	EndGlobalSection
	GlobalSection(ProjectConfigurationPlatforms) = postSolution
		{14D4827C-606E-4DA4-970D-C28688E3EB75}.Debug|Any CPU.ActiveCfg = Debug|Any CPU
		{14D4827C-606E-4DA4-970D-C28688E3EB75}.Debug|Any CPU.Build.0 = Debug|Any CPU
		{14D4827C-606E-4DA4-970D-C28688E3EB75}.Release|Any CPU.ActiveCfg = Release|Any CPU
		{14D4827C-606E-4DA4-970D-C28688E3EB75}.Release|Any CPU.Build.0 = Release|Any CPU
		{B9721F41-0CCD-4ADA-877D-A719989D348B}.Debug|Any CPU.ActiveCfg = Debug|Any CPU
		{B9721F41-0CCD-4ADA-877D-A719989D348B}.Debug|Any CPU.Build.0 = Debug|Any CPU
		{B9721F41-0CCD-4ADA-877D-A719989D348B}.Release|Any CPU.ActiveCfg = Release|Any CPU
		{B9721F41-0CCD-4ADA-877D-A719989D348B}.Release|Any CPU.Build.0 = Release|Any CPU
	EndGlobalSection
	GlobalSection(SolutionProperties) = preSolution
		HideSolutionNode = FALSE
	EndGlobalSection
	GlobalSection(ExtensibilityGlobals) = postSolution
		SolutionGuid = {7A1CE2D8-1A77-45E3-944D-302CFCEA5ED4}
	EndGlobalSection
EndGlobal
